// !$*UTF8*$!
{
	archiveVersion = 1;
	classes = {
	};
	objectVersion = 46;
	objects = {

/* Begin PBXBuildFile section */
		AC5DB6CC2495A1D96764A0E9 /* Pods_Cinema.framework in Frameworks */ = {isa = PBXBuildFile; fileRef = 152F0A5386934A4D78A27D7C /* Pods_Cinema.framework */; };
		FC0946CF1C8C43270054BEB2 /* Movie.swift in Sources */ = {isa = PBXBuildFile; fileRef = FC0946CD1C8C43270054BEB2 /* Movie.swift */; };
		FC0946D51C8C43CC0054BEB2 /* MovieCell.swift in Sources */ = {isa = PBXBuildFile; fileRef = FC0946D41C8C43CC0054BEB2 /* MovieCell.swift */; };
		FC0947131C8CA9EC0054BEB2 /* TransparentBlack.swift in Sources */ = {isa = PBXBuildFile; fileRef = FC0947121C8CA9EC0054BEB2 /* TransparentBlack.swift */; };
		FC0947151C8CBA1B0054BEB2 /* CardSwipeVC.swift in Sources */ = {isa = PBXBuildFile; fileRef = FC0947141C8CBA1B0054BEB2 /* CardSwipeVC.swift */; };
		FC1F4AE31C8B9A6D001650BA /* AppDelegate.swift in Sources */ = {isa = PBXBuildFile; fileRef = FC1F4AE21C8B9A6D001650BA /* AppDelegate.swift */; };
		FC1F4AE51C8B9A6D001650BA /* ViewController.swift in Sources */ = {isa = PBXBuildFile; fileRef = FC1F4AE41C8B9A6D001650BA /* ViewController.swift */; };
		FC1F4AE81C8B9A6D001650BA /* Main.storyboard in Resources */ = {isa = PBXBuildFile; fileRef = FC1F4AE61C8B9A6D001650BA /* Main.storyboard */; };
		FC1F4AEB1C8B9A6D001650BA /* Cinema.xcdatamodeld in Sources */ = {isa = PBXBuildFile; fileRef = FC1F4AE91C8B9A6D001650BA /* Cinema.xcdatamodeld */; };
		FC1F4AED1C8B9A6D001650BA /* Assets.xcassets in Resources */ = {isa = PBXBuildFile; fileRef = FC1F4AEC1C8B9A6D001650BA /* Assets.xcassets */; };
		FC1F4AF01C8B9A6D001650BA /* LaunchScreen.storyboard in Resources */ = {isa = PBXBuildFile; fileRef = FC1F4AEE1C8B9A6D001650BA /* LaunchScreen.storyboard */; };
		FC1F4AFB1C8B9FDB001650BA /* RoundedCornersVC.swift in Sources */ = {isa = PBXBuildFile; fileRef = FC1F4AFA1C8B9FDB001650BA /* RoundedCornersVC.swift */; };
		FC1F4AFD1C8BA0E5001650BA /* RoundedCornersTVC.swift in Sources */ = {isa = PBXBuildFile; fileRef = FC1F4AFC1C8BA0E4001650BA /* RoundedCornersTVC.swift */; };
		FC1F4AFF1C8BA941001650BA /* RoundedCornersView.swift in Sources */ = {isa = PBXBuildFile; fileRef = FC1F4AFE1C8BA941001650BA /* RoundedCornersView.swift */; };
		FC1F4B021C8BB2B2001650BA /* CircleImageBounds.swift in Sources */ = {isa = PBXBuildFile; fileRef = FC1F4B011C8BB2B2001650BA /* CircleImageBounds.swift */; };
		FC1F4B041C8BB6D9001650BA /* AboutVC.swift in Sources */ = {isa = PBXBuildFile; fileRef = FC1F4B031C8BB6D9001650BA /* AboutVC.swift */; };
		FC1F4B271C8BBB86001650BA /* IQNSArray+Sort.swift in Sources */ = {isa = PBXBuildFile; fileRef = FC1F4B131C8BBB86001650BA /* IQNSArray+Sort.swift */; };
		FC1F4B281C8BBB86001650BA /* IQUIScrollView+Additions.swift in Sources */ = {isa = PBXBuildFile; fileRef = FC1F4B141C8BBB86001650BA /* IQUIScrollView+Additions.swift */; };
		FC1F4B291C8BBB86001650BA /* IQUITextFieldView+Additions.swift in Sources */ = {isa = PBXBuildFile; fileRef = FC1F4B151C8BBB86001650BA /* IQUITextFieldView+Additions.swift */; };
		FC1F4B2A1C8BBB86001650BA /* IQUIView+Hierarchy.swift in Sources */ = {isa = PBXBuildFile; fileRef = FC1F4B161C8BBB86001650BA /* IQUIView+Hierarchy.swift */; };
		FC1F4B2B1C8BBB86001650BA /* IQUIViewController+Additions.swift in Sources */ = {isa = PBXBuildFile; fileRef = FC1F4B171C8BBB86001650BA /* IQUIViewController+Additions.swift */; };
		FC1F4B2C1C8BBB86001650BA /* IQUIWindow+Hierarchy.swift in Sources */ = {isa = PBXBuildFile; fileRef = FC1F4B181C8BBB86001650BA /* IQUIWindow+Hierarchy.swift */; };
		FC1F4B2D1C8BBB86001650BA /* IQKeyboardManagerConstants.swift in Sources */ = {isa = PBXBuildFile; fileRef = FC1F4B1A1C8BBB86001650BA /* IQKeyboardManagerConstants.swift */; };
		FC1F4B2E1C8BBB86001650BA /* IQKeyboardManagerConstantsInternal.swift in Sources */ = {isa = PBXBuildFile; fileRef = FC1F4B1B1C8BBB86001650BA /* IQKeyboardManagerConstantsInternal.swift */; };
		FC1F4B2F1C8BBB86001650BA /* IQKeyboardManager.swift in Sources */ = {isa = PBXBuildFile; fileRef = FC1F4B1C1C8BBB86001650BA /* IQKeyboardManager.swift */; };
		FC1F4B301C8BBB86001650BA /* IQKeyboardReturnKeyHandler.swift in Sources */ = {isa = PBXBuildFile; fileRef = FC1F4B1D1C8BBB86001650BA /* IQKeyboardReturnKeyHandler.swift */; };
		FC1F4B311C8BBB86001650BA /* IQTextView.swift in Sources */ = {isa = PBXBuildFile; fileRef = FC1F4B1F1C8BBB86001650BA /* IQTextView.swift */; };
		FC1F4B321C8BBB86001650BA /* IQBarButtonItem.swift in Sources */ = {isa = PBXBuildFile; fileRef = FC1F4B211C8BBB86001650BA /* IQBarButtonItem.swift */; };
		FC1F4B331C8BBB86001650BA /* IQTitleBarButtonItem.swift in Sources */ = {isa = PBXBuildFile; fileRef = FC1F4B221C8BBB86001650BA /* IQTitleBarButtonItem.swift */; };
		FC1F4B341C8BBB86001650BA /* IQToolbar.swift in Sources */ = {isa = PBXBuildFile; fileRef = FC1F4B231C8BBB86001650BA /* IQToolbar.swift */; };
		FC1F4B351C8BBB86001650BA /* IQUIView+IQKeyboardToolbar.swift in Sources */ = {isa = PBXBuildFile; fileRef = FC1F4B241C8BBB86001650BA /* IQUIView+IQKeyboardToolbar.swift */; };
		FC1F4B361C8BBB86001650BA /* IQKeyboardManager.bundle in Resources */ = {isa = PBXBuildFile; fileRef = FC1F4B261C8BBB86001650BA /* IQKeyboardManager.bundle */; };
		FC1F4B381C8C289C001650BA /* RoundedCornersTF.swift in Sources */ = {isa = PBXBuildFile; fileRef = FC1F4B371C8C289C001650BA /* RoundedCornersTF.swift */; };
		FC1F4B3A1C8C29FA001650BA /* AddMovieVC.swift in Sources */ = {isa = PBXBuildFile; fileRef = FC1F4B391C8C29FA001650BA /* AddMovieVC.swift */; };
		FC2537071C9394D200354B6C /* Movie+CoreDataProperties.swift in Sources */ = {isa = PBXBuildFile; fileRef = FC2537041C9394D200354B6C /* Movie+CoreDataProperties.swift */; };
		FC4C5F281C93E27C00ECF625 /* CinemaUITests.swift in Sources */ = {isa = PBXBuildFile; fileRef = FC4C5F271C93E27C00ECF625 /* CinemaUITests.swift */; };
		FC61D9AF1C91E585000F13DD /* DismissAnimator.swift in Sources */ = {isa = PBXBuildFile; fileRef = FC61D9AE1C91E585000F13DD /* DismissAnimator.swift */; };
		FC61D9B11C91E5AF000F13DD /* Interactor.swift in Sources */ = {isa = PBXBuildFile; fileRef = FC61D9B01C91E5AF000F13DD /* Interactor.swift */; };
		FCD4F90C1C8DF02C000BED88 /* DetailVC.swift in Sources */ = {isa = PBXBuildFile; fileRef = FCD4F90B1C8DF02C000BED88 /* DetailVC.swift */; };
		FCD6EF3B1CDF5609004AE6D3 /* NoPostsVC.swift in Sources */ = {isa = PBXBuildFile; fileRef = FCD6EF3A1CDF5609004AE6D3 /* NoPostsVC.swift */; };
		FCD6EF3D1CDF5ACF004AE6D3 /* RoundedButton.swift in Sources */ = {isa = PBXBuildFile; fileRef = FCD6EF3C1CDF5ACF004AE6D3 /* RoundedButton.swift */; };
/* End PBXBuildFile section */

/* Begin PBXContainerItemProxy section */
		FC4C5F2A1C93E27C00ECF625 /* PBXContainerItemProxy */ = {
			isa = PBXContainerItemProxy;
			containerPortal = FC1F4AD71C8B9A6D001650BA /* Project object */;
			proxyType = 1;
			remoteGlobalIDString = FC1F4ADE1C8B9A6D001650BA;
			remoteInfo = Cinema;
		};
/* End PBXContainerItemProxy section */

/* Begin PBXFileReference section */
		152F0A5386934A4D78A27D7C /* Pods_Cinema.framework */ = {isa = PBXFileReference; explicitFileType = wrapper.framework; includeInIndex = 0; path = Pods_Cinema.framework; sourceTree = BUILT_PRODUCTS_DIR; };
		19C9479B003E9820B81D53AA /* Pods-Cinema.debug.xcconfig */ = {isa = PBXFileReference; includeInIndex = 1; lastKnownFileType = text.xcconfig; name = "Pods-Cinema.debug.xcconfig"; path = "Pods/Target Support Files/Pods-Cinema/Pods-Cinema.debug.xcconfig"; sourceTree = "<group>"; };
		DA06EF596D4C1C1F1A3574DA /* Pods-Cinema.release.xcconfig */ = {isa = PBXFileReference; includeInIndex = 1; lastKnownFileType = text.xcconfig; name = "Pods-Cinema.release.xcconfig"; path = "Pods/Target Support Files/Pods-Cinema/Pods-Cinema.release.xcconfig"; sourceTree = "<group>"; };
		FC0946CD1C8C43270054BEB2 /* Movie.swift */ = {isa = PBXFileReference; fileEncoding = 4; lastKnownFileType = sourcecode.swift; name = Movie.swift; path = ../Movie.swift; sourceTree = "<group>"; };
		FC0946D41C8C43CC0054BEB2 /* MovieCell.swift */ = {isa = PBXFileReference; fileEncoding = 4; lastKnownFileType = sourcecode.swift; path = MovieCell.swift; sourceTree = "<group>"; };
		FC0947121C8CA9EC0054BEB2 /* TransparentBlack.swift */ = {isa = PBXFileReference; fileEncoding = 4; lastKnownFileType = sourcecode.swift; path = TransparentBlack.swift; sourceTree = "<group>"; };
		FC0947141C8CBA1B0054BEB2 /* CardSwipeVC.swift */ = {isa = PBXFileReference; fileEncoding = 4; lastKnownFileType = sourcecode.swift; path = CardSwipeVC.swift; sourceTree = "<group>"; };
		FC1F4ADF1C8B9A6D001650BA /* Cinema.app */ = {isa = PBXFileReference; explicitFileType = wrapper.application; includeInIndex = 0; path = Cinema.app; sourceTree = BUILT_PRODUCTS_DIR; };
		FC1F4AE21C8B9A6D001650BA /* AppDelegate.swift */ = {isa = PBXFileReference; lastKnownFileType = sourcecode.swift; path = AppDelegate.swift; sourceTree = "<group>"; };
		FC1F4AE41C8B9A6D001650BA /* ViewController.swift */ = {isa = PBXFileReference; lastKnownFileType = sourcecode.swift; path = ViewController.swift; sourceTree = "<group>"; };
		FC1F4AE71C8B9A6D001650BA /* Base */ = {isa = PBXFileReference; lastKnownFileType = file.storyboard; name = Base; path = Base.lproj/Main.storyboard; sourceTree = "<group>"; };
		FC1F4AEA1C8B9A6D001650BA /* Cinema.xcdatamodel */ = {isa = PBXFileReference; lastKnownFileType = wrapper.xcdatamodel; path = Cinema.xcdatamodel; sourceTree = "<group>"; };
		FC1F4AEC1C8B9A6D001650BA /* Assets.xcassets */ = {isa = PBXFileReference; lastKnownFileType = folder.assetcatalog; path = Assets.xcassets; sourceTree = "<group>"; };
		FC1F4AEF1C8B9A6D001650BA /* Base */ = {isa = PBXFileReference; lastKnownFileType = file.storyboard; name = Base; path = Base.lproj/LaunchScreen.storyboard; sourceTree = "<group>"; };
		FC1F4AF11C8B9A6D001650BA /* Info.plist */ = {isa = PBXFileReference; lastKnownFileType = text.plist.xml; path = Info.plist; sourceTree = "<group>"; };
		FC1F4AFA1C8B9FDB001650BA /* RoundedCornersVC.swift */ = {isa = PBXFileReference; fileEncoding = 4; lastKnownFileType = sourcecode.swift; path = RoundedCornersVC.swift; sourceTree = "<group>"; };
		FC1F4AFC1C8BA0E4001650BA /* RoundedCornersTVC.swift */ = {isa = PBXFileReference; fileEncoding = 4; lastKnownFileType = sourcecode.swift; path = RoundedCornersTVC.swift; sourceTree = "<group>"; };
		FC1F4AFE1C8BA941001650BA /* RoundedCornersView.swift */ = {isa = PBXFileReference; fileEncoding = 4; lastKnownFileType = sourcecode.swift; path = RoundedCornersView.swift; sourceTree = "<group>"; };
		FC1F4B011C8BB2B2001650BA /* CircleImageBounds.swift */ = {isa = PBXFileReference; fileEncoding = 4; lastKnownFileType = sourcecode.swift; path = CircleImageBounds.swift; sourceTree = "<group>"; };
		FC1F4B031C8BB6D9001650BA /* AboutVC.swift */ = {isa = PBXFileReference; fileEncoding = 4; lastKnownFileType = sourcecode.swift; path = AboutVC.swift; sourceTree = "<group>"; };
		FC1F4B131C8BBB86001650BA /* IQNSArray+Sort.swift */ = {isa = PBXFileReference; fileEncoding = 4; lastKnownFileType = sourcecode.swift; path = "IQNSArray+Sort.swift"; sourceTree = "<group>"; };
		FC1F4B141C8BBB86001650BA /* IQUIScrollView+Additions.swift */ = {isa = PBXFileReference; fileEncoding = 4; lastKnownFileType = sourcecode.swift; path = "IQUIScrollView+Additions.swift"; sourceTree = "<group>"; };
		FC1F4B151C8BBB86001650BA /* IQUITextFieldView+Additions.swift */ = {isa = PBXFileReference; fileEncoding = 4; lastKnownFileType = sourcecode.swift; path = "IQUITextFieldView+Additions.swift"; sourceTree = "<group>"; };
		FC1F4B161C8BBB86001650BA /* IQUIView+Hierarchy.swift */ = {isa = PBXFileReference; fileEncoding = 4; lastKnownFileType = sourcecode.swift; path = "IQUIView+Hierarchy.swift"; sourceTree = "<group>"; };
		FC1F4B171C8BBB86001650BA /* IQUIViewController+Additions.swift */ = {isa = PBXFileReference; fileEncoding = 4; lastKnownFileType = sourcecode.swift; path = "IQUIViewController+Additions.swift"; sourceTree = "<group>"; };
		FC1F4B181C8BBB86001650BA /* IQUIWindow+Hierarchy.swift */ = {isa = PBXFileReference; fileEncoding = 4; lastKnownFileType = sourcecode.swift; path = "IQUIWindow+Hierarchy.swift"; sourceTree = "<group>"; };
		FC1F4B1A1C8BBB86001650BA /* IQKeyboardManagerConstants.swift */ = {isa = PBXFileReference; fileEncoding = 4; lastKnownFileType = sourcecode.swift; path = IQKeyboardManagerConstants.swift; sourceTree = "<group>"; };
		FC1F4B1B1C8BBB86001650BA /* IQKeyboardManagerConstantsInternal.swift */ = {isa = PBXFileReference; fileEncoding = 4; lastKnownFileType = sourcecode.swift; path = IQKeyboardManagerConstantsInternal.swift; sourceTree = "<group>"; };
		FC1F4B1C1C8BBB86001650BA /* IQKeyboardManager.swift */ = {isa = PBXFileReference; fileEncoding = 4; lastKnownFileType = sourcecode.swift; path = IQKeyboardManager.swift; sourceTree = "<group>"; };
		FC1F4B1D1C8BBB86001650BA /* IQKeyboardReturnKeyHandler.swift */ = {isa = PBXFileReference; fileEncoding = 4; lastKnownFileType = sourcecode.swift; path = IQKeyboardReturnKeyHandler.swift; sourceTree = "<group>"; };
		FC1F4B1F1C8BBB86001650BA /* IQTextView.swift */ = {isa = PBXFileReference; fileEncoding = 4; lastKnownFileType = sourcecode.swift; path = IQTextView.swift; sourceTree = "<group>"; };
		FC1F4B211C8BBB86001650BA /* IQBarButtonItem.swift */ = {isa = PBXFileReference; fileEncoding = 4; lastKnownFileType = sourcecode.swift; path = IQBarButtonItem.swift; sourceTree = "<group>"; };
		FC1F4B221C8BBB86001650BA /* IQTitleBarButtonItem.swift */ = {isa = PBXFileReference; fileEncoding = 4; lastKnownFileType = sourcecode.swift; path = IQTitleBarButtonItem.swift; sourceTree = "<group>"; };
		FC1F4B231C8BBB86001650BA /* IQToolbar.swift */ = {isa = PBXFileReference; fileEncoding = 4; lastKnownFileType = sourcecode.swift; path = IQToolbar.swift; sourceTree = "<group>"; };
		FC1F4B241C8BBB86001650BA /* IQUIView+IQKeyboardToolbar.swift */ = {isa = PBXFileReference; fileEncoding = 4; lastKnownFileType = sourcecode.swift; path = "IQUIView+IQKeyboardToolbar.swift"; sourceTree = "<group>"; };
		FC1F4B261C8BBB86001650BA /* IQKeyboardManager.bundle */ = {isa = PBXFileReference; lastKnownFileType = "wrapper.plug-in"; path = IQKeyboardManager.bundle; sourceTree = "<group>"; };
		FC1F4B371C8C289C001650BA /* RoundedCornersTF.swift */ = {isa = PBXFileReference; fileEncoding = 4; lastKnownFileType = sourcecode.swift; path = RoundedCornersTF.swift; sourceTree = "<group>"; };
		FC1F4B391C8C29FA001650BA /* AddMovieVC.swift */ = {isa = PBXFileReference; fileEncoding = 4; lastKnownFileType = sourcecode.swift; path = AddMovieVC.swift; sourceTree = "<group>"; };
		FC2537041C9394D200354B6C /* Movie+CoreDataProperties.swift */ = {isa = PBXFileReference; fileEncoding = 4; lastKnownFileType = sourcecode.swift; name = "Movie+CoreDataProperties.swift"; path = "../Movie+CoreDataProperties.swift"; sourceTree = "<group>"; };
		FC4C5F251C93E27C00ECF625 /* CinemaUITests.xctest */ = {isa = PBXFileReference; explicitFileType = wrapper.cfbundle; includeInIndex = 0; path = CinemaUITests.xctest; sourceTree = BUILT_PRODUCTS_DIR; };
		FC4C5F271C93E27C00ECF625 /* CinemaUITests.swift */ = {isa = PBXFileReference; lastKnownFileType = sourcecode.swift; path = CinemaUITests.swift; sourceTree = "<group>"; };
		FC4C5F291C93E27C00ECF625 /* Info.plist */ = {isa = PBXFileReference; lastKnownFileType = text.plist.xml; path = Info.plist; sourceTree = "<group>"; };
		FC61D9AE1C91E585000F13DD /* DismissAnimator.swift */ = {isa = PBXFileReference; fileEncoding = 4; lastKnownFileType = sourcecode.swift; name = DismissAnimator.swift; path = ../DismissAnimator.swift; sourceTree = "<group>"; };
		FC61D9B01C91E5AF000F13DD /* Interactor.swift */ = {isa = PBXFileReference; fileEncoding = 4; lastKnownFileType = sourcecode.swift; name = Interactor.swift; path = ../Interactor.swift; sourceTree = "<group>"; };
		FCD4F90B1C8DF02C000BED88 /* DetailVC.swift */ = {isa = PBXFileReference; fileEncoding = 4; lastKnownFileType = sourcecode.swift; path = DetailVC.swift; sourceTree = "<group>"; };
		FCD6EF3A1CDF5609004AE6D3 /* NoPostsVC.swift */ = {isa = PBXFileReference; fileEncoding = 4; lastKnownFileType = sourcecode.swift; path = NoPostsVC.swift; sourceTree = "<group>"; };
		FCD6EF3C1CDF5ACF004AE6D3 /* RoundedButton.swift */ = {isa = PBXFileReference; fileEncoding = 4; lastKnownFileType = sourcecode.swift; path = RoundedButton.swift; sourceTree = "<group>"; };
/* End PBXFileReference section */

/* Begin PBXFrameworksBuildPhase section */
		FC1F4ADC1C8B9A6D001650BA /* Frameworks */ = {
			isa = PBXFrameworksBuildPhase;
			buildActionMask = 2147483647;
			files = (
				AC5DB6CC2495A1D96764A0E9 /* Pods_Cinema.framework in Frameworks */,
			);
			runOnlyForDeploymentPostprocessing = 0;
		};
		FC4C5F221C93E27C00ECF625 /* Frameworks */ = {
			isa = PBXFrameworksBuildPhase;
			buildActionMask = 2147483647;
			files = (
			);
			runOnlyForDeploymentPostprocessing = 0;
		};
/* End PBXFrameworksBuildPhase section */

/* Begin PBXGroup section */
		EA74C3C0C977619D6F45D4A6 /* Pods */ = {
			isa = PBXGroup;
			children = (
				19C9479B003E9820B81D53AA /* Pods-Cinema.debug.xcconfig */,
				DA06EF596D4C1C1F1A3574DA /* Pods-Cinema.release.xcconfig */,
			);
			name = Pods;
			sourceTree = "<group>";
		};
		F9BC875374AA45D6CF129C34 /* Frameworks */ = {
			isa = PBXGroup;
			children = (
				152F0A5386934A4D78A27D7C /* Pods_Cinema.framework */,
			);
			name = Frameworks;
			sourceTree = "<group>";
		};
		FC1F4AD61C8B9A6D001650BA = {
			isa = PBXGroup;
			children = (
				FC1F4AE11C8B9A6D001650BA /* Cinema */,
				FC4C5F261C93E27C00ECF625 /* CinemaUITests */,
				FC1F4AE01C8B9A6D001650BA /* Products */,
				F9BC875374AA45D6CF129C34 /* Frameworks */,
				EA74C3C0C977619D6F45D4A6 /* Pods */,
			);
			sourceTree = "<group>";
		};
		FC1F4AE01C8B9A6D001650BA /* Products */ = {
			isa = PBXGroup;
			children = (
				FC1F4ADF1C8B9A6D001650BA /* Cinema.app */,
				FC4C5F251C93E27C00ECF625 /* CinemaUITests.xctest */,
			);
			name = Products;
			sourceTree = "<group>";
		};
		FC1F4AE11C8B9A6D001650BA /* Cinema */ = {
			isa = PBXGroup;
			children = (
				FC1F4B111C8BBB86001650BA /* IQKeyboardManagerSwift */,
				FC1F4AF91C8B9A85001650BA /* Model */,
				FC1F4AF81C8B9A82001650BA /* View */,
				FC1F4AF71C8B9A7E001650BA /* Controller */,
				FC1F4AE21C8B9A6D001650BA /* AppDelegate.swift */,
				FC1F4AEC1C8B9A6D001650BA /* Assets.xcassets */,
				FC1F4AF11C8B9A6D001650BA /* Info.plist */,
			);
			path = Cinema;
			sourceTree = "<group>";
		};
		FC1F4AF71C8B9A7E001650BA /* Controller */ = {
			isa = PBXGroup;
			children = (
				FC1F4B001C8BACDB001650BA /* Rounded Corners */,
				FC1F4AE41C8B9A6D001650BA /* ViewController.swift */,
				FCD4F90B1C8DF02C000BED88 /* DetailVC.swift */,
				FC1F4B031C8BB6D9001650BA /* AboutVC.swift */,
				FC1F4B391C8C29FA001650BA /* AddMovieVC.swift */,
				FC0947141C8CBA1B0054BEB2 /* CardSwipeVC.swift */,
				FC61D9AE1C91E585000F13DD /* DismissAnimator.swift */,
				FC61D9B01C91E5AF000F13DD /* Interactor.swift */,
				FCD6EF3A1CDF5609004AE6D3 /* NoPostsVC.swift */,
			);
			name = Controller;
			sourceTree = "<group>";
		};
		FC1F4AF81C8B9A82001650BA /* View */ = {
			isa = PBXGroup;
			children = (
				FC1F4AEE1C8B9A6D001650BA /* LaunchScreen.storyboard */,
				FC1F4AE61C8B9A6D001650BA /* Main.storyboard */,
				FC0946D41C8C43CC0054BEB2 /* MovieCell.swift */,
			);
			name = View;
			sourceTree = "<group>";
		};
		FC1F4AF91C8B9A85001650BA /* Model */ = {
			isa = PBXGroup;
			children = (
				FC1F4AE91C8B9A6D001650BA /* Cinema.xcdatamodeld */,
				FC2537041C9394D200354B6C /* Movie+CoreDataProperties.swift */,
				FC0946CD1C8C43270054BEB2 /* Movie.swift */,
			);
			name = Model;
			sourceTree = "<group>";
		};
		FC1F4B001C8BACDB001650BA /* Rounded Corners */ = {
			isa = PBXGroup;
			children = (
				FC1F4AFA1C8B9FDB001650BA /* RoundedCornersVC.swift */,
				FCD6EF3C1CDF5ACF004AE6D3 /* RoundedButton.swift */,
				FC1F4AFC1C8BA0E4001650BA /* RoundedCornersTVC.swift */,
				FC1F4AFE1C8BA941001650BA /* RoundedCornersView.swift */,
				FC1F4B011C8BB2B2001650BA /* CircleImageBounds.swift */,
				FC1F4B371C8C289C001650BA /* RoundedCornersTF.swift */,
				FC0947121C8CA9EC0054BEB2 /* TransparentBlack.swift */,
			);
			name = "Rounded Corners";
			sourceTree = "<group>";
		};
		FC1F4B111C8BBB86001650BA /* IQKeyboardManagerSwift */ = {
			isa = PBXGroup;
			children = (
				FC1F4B121C8BBB86001650BA /* Categories */,
				FC1F4B191C8BBB86001650BA /* Constants */,
				FC1F4B1C1C8BBB86001650BA /* IQKeyboardManager.swift */,
				FC1F4B1D1C8BBB86001650BA /* IQKeyboardReturnKeyHandler.swift */,
				FC1F4B1E1C8BBB86001650BA /* IQTextView */,
				FC1F4B201C8BBB86001650BA /* IQToolbar */,
				FC1F4B251C8BBB86001650BA /* Resources */,
			);
			name = IQKeyboardManagerSwift;
			path = ../IQKeyboardManagerSwift;
			sourceTree = "<group>";
		};
		FC1F4B121C8BBB86001650BA /* Categories */ = {
			isa = PBXGroup;
			children = (
				FC1F4B131C8BBB86001650BA /* IQNSArray+Sort.swift */,
				FC1F4B141C8BBB86001650BA /* IQUIScrollView+Additions.swift */,
				FC1F4B151C8BBB86001650BA /* IQUITextFieldView+Additions.swift */,
				FC1F4B161C8BBB86001650BA /* IQUIView+Hierarchy.swift */,
				FC1F4B171C8BBB86001650BA /* IQUIViewController+Additions.swift */,
				FC1F4B181C8BBB86001650BA /* IQUIWindow+Hierarchy.swift */,
			);
			path = Categories;
			sourceTree = "<group>";
		};
		FC1F4B191C8BBB86001650BA /* Constants */ = {
			isa = PBXGroup;
			children = (
				FC1F4B1A1C8BBB86001650BA /* IQKeyboardManagerConstants.swift */,
				FC1F4B1B1C8BBB86001650BA /* IQKeyboardManagerConstantsInternal.swift */,
			);
			path = Constants;
			sourceTree = "<group>";
		};
		FC1F4B1E1C8BBB86001650BA /* IQTextView */ = {
			isa = PBXGroup;
			children = (
				FC1F4B1F1C8BBB86001650BA /* IQTextView.swift */,
			);
			path = IQTextView;
			sourceTree = "<group>";
		};
		FC1F4B201C8BBB86001650BA /* IQToolbar */ = {
			isa = PBXGroup;
			children = (
				FC1F4B211C8BBB86001650BA /* IQBarButtonItem.swift */,
				FC1F4B221C8BBB86001650BA /* IQTitleBarButtonItem.swift */,
				FC1F4B231C8BBB86001650BA /* IQToolbar.swift */,
				FC1F4B241C8BBB86001650BA /* IQUIView+IQKeyboardToolbar.swift */,
			);
			path = IQToolbar;
			sourceTree = "<group>";
		};
		FC1F4B251C8BBB86001650BA /* Resources */ = {
			isa = PBXGroup;
			children = (
				FC1F4B261C8BBB86001650BA /* IQKeyboardManager.bundle */,
			);
			path = Resources;
			sourceTree = "<group>";
		};
		FC4C5F261C93E27C00ECF625 /* CinemaUITests */ = {
			isa = PBXGroup;
			children = (
				FC4C5F271C93E27C00ECF625 /* CinemaUITests.swift */,
				FC4C5F291C93E27C00ECF625 /* Info.plist */,
			);
			path = CinemaUITests;
			sourceTree = "<group>";
		};
/* End PBXGroup section */

/* Begin PBXNativeTarget section */
		FC1F4ADE1C8B9A6D001650BA /* Cinema */ = {
			isa = PBXNativeTarget;
			buildConfigurationList = FC1F4AF41C8B9A6D001650BA /* Build configuration list for PBXNativeTarget "Cinema" */;
			buildPhases = (
				C651D21FD30DDFF604167E1E /* 📦 Check Pods Manifest.lock */,
				FC1F4ADB1C8B9A6D001650BA /* Sources */,
				FC1F4ADC1C8B9A6D001650BA /* Frameworks */,
				FC1F4ADD1C8B9A6D001650BA /* Resources */,
				25B0BC07C753F8632ED8E985 /* 📦 Embed Pods Frameworks */,
				9B3325E9F132435351E116BF /* 📦 Copy Pods Resources */,
			);
			buildRules = (
			);
			dependencies = (
			);
			name = Cinema;
			productName = Cinema;
			productReference = FC1F4ADF1C8B9A6D001650BA /* Cinema.app */;
			productType = "com.apple.product-type.application";
		};
		FC4C5F241C93E27C00ECF625 /* CinemaUITests */ = {
			isa = PBXNativeTarget;
			buildConfigurationList = FC4C5F2E1C93E27C00ECF625 /* Build configuration list for PBXNativeTarget "CinemaUITests" */;
			buildPhases = (
				FC4C5F211C93E27C00ECF625 /* Sources */,
				FC4C5F221C93E27C00ECF625 /* Frameworks */,
				FC4C5F231C93E27C00ECF625 /* Resources */,
			);
			buildRules = (
			);
			dependencies = (
				FC4C5F2B1C93E27C00ECF625 /* PBXTargetDependency */,
			);
			name = CinemaUITests;
			productName = CinemaUITests;
			productReference = FC4C5F251C93E27C00ECF625 /* CinemaUITests.xctest */;
			productType = "com.apple.product-type.bundle.ui-testing";
		};
/* End PBXNativeTarget section */

/* Begin PBXProject section */
		FC1F4AD71C8B9A6D001650BA /* Project object */ = {
			isa = PBXProject;
			attributes = {
				LastSwiftUpdateCheck = 0730;
				LastUpgradeCheck = 0730;
				ORGANIZATIONNAME = "Caleb Stultz";
				TargetAttributes = {
					FC1F4ADE1C8B9A6D001650BA = {
						CreatedOnToolsVersion = 7.3;
						DevelopmentTeam = HLCDLFXF5Y;
					};
					FC4C5F241C93E27C00ECF625 = {
						CreatedOnToolsVersion = 7.3;
						DevelopmentTeam = HLCDLFXF5Y;
						TestTargetID = FC1F4ADE1C8B9A6D001650BA;
					};
				};
			};
			buildConfigurationList = FC1F4ADA1C8B9A6D001650BA /* Build configuration list for PBXProject "Cinema" */;
			compatibilityVersion = "Xcode 3.2";
			developmentRegion = English;
			hasScannedForEncodings = 0;
			knownRegions = (
				en,
				Base,
			);
			mainGroup = FC1F4AD61C8B9A6D001650BA;
			productRefGroup = FC1F4AE01C8B9A6D001650BA /* Products */;
			projectDirPath = "";
			projectRoot = "";
			targets = (
				FC1F4ADE1C8B9A6D001650BA /* Cinema */,
				FC4C5F241C93E27C00ECF625 /* CinemaUITests */,
			);
		};
/* End PBXProject section */

/* Begin PBXResourcesBuildPhase section */
		FC1F4ADD1C8B9A6D001650BA /* Resources */ = {
			isa = PBXResourcesBuildPhase;
			buildActionMask = 2147483647;
			files = (
				FC1F4AF01C8B9A6D001650BA /* LaunchScreen.storyboard in Resources */,
				FC1F4AED1C8B9A6D001650BA /* Assets.xcassets in Resources */,
				FC1F4B361C8BBB86001650BA /* IQKeyboardManager.bundle in Resources */,
				FC1F4AE81C8B9A6D001650BA /* Main.storyboard in Resources */,
			);
			runOnlyForDeploymentPostprocessing = 0;
		};
		FC4C5F231C93E27C00ECF625 /* Resources */ = {
			isa = PBXResourcesBuildPhase;
			buildActionMask = 2147483647;
			files = (
			);
			runOnlyForDeploymentPostprocessing = 0;
		};
/* End PBXResourcesBuildPhase section */

/* Begin PBXShellScriptBuildPhase section */
		25B0BC07C753F8632ED8E985 /* 📦 Embed Pods Frameworks */ = {
			isa = PBXShellScriptBuildPhase;
			buildActionMask = 2147483647;
			files = (
			);
			inputPaths = (
			);
			name = "📦 Embed Pods Frameworks";
			outputPaths = (
			);
			runOnlyForDeploymentPostprocessing = 0;
			shellPath = /bin/sh;
			shellScript = "\"${SRCROOT}/Pods/Target Support Files/Pods-Cinema/Pods-Cinema-frameworks.sh\"\n";
			showEnvVarsInLog = 0;
		};
		9B3325E9F132435351E116BF /* 📦 Copy Pods Resources */ = {
			isa = PBXShellScriptBuildPhase;
			buildActionMask = 2147483647;
			files = (
			);
			inputPaths = (
			);
			name = "📦 Copy Pods Resources";
			outputPaths = (
			);
			runOnlyForDeploymentPostprocessing = 0;
			shellPath = /bin/sh;
			shellScript = "\"${SRCROOT}/Pods/Target Support Files/Pods-Cinema/Pods-Cinema-resources.sh\"\n";
			showEnvVarsInLog = 0;
		};
		C651D21FD30DDFF604167E1E /* 📦 Check Pods Manifest.lock */ = {
			isa = PBXShellScriptBuildPhase;
			buildActionMask = 2147483647;
			files = (
			);
			inputPaths = (
			);
			name = "📦 Check Pods Manifest.lock";
			outputPaths = (
			);
			runOnlyForDeploymentPostprocessing = 0;
			shellPath = /bin/sh;
			shellScript = "diff \"${PODS_ROOT}/../Podfile.lock\" \"${PODS_ROOT}/Manifest.lock\" > /dev/null\nif [[ $? != 0 ]] ; then\n    cat << EOM\nerror: The sandbox is not in sync with the Podfile.lock. Run 'pod install' or update your CocoaPods installation.\nEOM\n    exit 1\nfi\n";
			showEnvVarsInLog = 0;
		};
/* End PBXShellScriptBuildPhase section */

/* Begin PBXSourcesBuildPhase section */
		FC1F4ADB1C8B9A6D001650BA /* Sources */ = {
			isa = PBXSourcesBuildPhase;
			buildActionMask = 2147483647;
			files = (
				FC1F4AE51C8B9A6D001650BA /* ViewController.swift in Sources */,
				FCD6EF3B1CDF5609004AE6D3 /* NoPostsVC.swift in Sources */,
				FC1F4AFD1C8BA0E5001650BA /* RoundedCornersTVC.swift in Sources */,
				FC1F4AE31C8B9A6D001650BA /* AppDelegate.swift in Sources */,
				FC1F4B2E1C8BBB86001650BA /* IQKeyboardManagerConstantsInternal.swift in Sources */,
				FC1F4B281C8BBB86001650BA /* IQUIScrollView+Additions.swift in Sources */,
				FC1F4B2A1C8BBB86001650BA /* IQUIView+Hierarchy.swift in Sources */,
				FC1F4B3A1C8C29FA001650BA /* AddMovieVC.swift in Sources */,
				FC61D9AF1C91E585000F13DD /* DismissAnimator.swift in Sources */,
				FC0947131C8CA9EC0054BEB2 /* TransparentBlack.swift in Sources */,
				FC1F4B331C8BBB86001650BA /* IQTitleBarButtonItem.swift in Sources */,
				FCD6EF3D1CDF5ACF004AE6D3 /* RoundedButton.swift in Sources */,
				FC1F4AEB1C8B9A6D001650BA /* Cinema.xcdatamodeld in Sources */,
				FC1F4B2B1C8BBB86001650BA /* IQUIViewController+Additions.swift in Sources */,
				FC1F4B301C8BBB86001650BA /* IQKeyboardReturnKeyHandler.swift in Sources */,
				FC0947151C8CBA1B0054BEB2 /* CardSwipeVC.swift in Sources */,
				FC1F4B291C8BBB86001650BA /* IQUITextFieldView+Additions.swift in Sources */,
				FCD4F90C1C8DF02C000BED88 /* DetailVC.swift in Sources */,
				FC1F4B351C8BBB86001650BA /* IQUIView+IQKeyboardToolbar.swift in Sources */,
				FC0946CF1C8C43270054BEB2 /* Movie.swift in Sources */,
				FC0946D51C8C43CC0054BEB2 /* MovieCell.swift in Sources */,
				FC1F4B041C8BB6D9001650BA /* AboutVC.swift in Sources */,
				FC1F4AFB1C8B9FDB001650BA /* RoundedCornersVC.swift in Sources */,
				FC1F4B2F1C8BBB86001650BA /* IQKeyboardManager.swift in Sources */,
				FC1F4B021C8BB2B2001650BA /* CircleImageBounds.swift in Sources */,
				FC1F4B381C8C289C001650BA /* RoundedCornersTF.swift in Sources */,
				FC2537071C9394D200354B6C /* Movie+CoreDataProperties.swift in Sources */,
				FC61D9B11C91E5AF000F13DD /* Interactor.swift in Sources */,
				FC1F4B321C8BBB86001650BA /* IQBarButtonItem.swift in Sources */,
				FC1F4AFF1C8BA941001650BA /* RoundedCornersView.swift in Sources */,
				FC1F4B341C8BBB86001650BA /* IQToolbar.swift in Sources */,
				FC1F4B271C8BBB86001650BA /* IQNSArray+Sort.swift in Sources */,
				FC1F4B2D1C8BBB86001650BA /* IQKeyboardManagerConstants.swift in Sources */,
				FC1F4B311C8BBB86001650BA /* IQTextView.swift in Sources */,
				FC1F4B2C1C8BBB86001650BA /* IQUIWindow+Hierarchy.swift in Sources */,
			);
			runOnlyForDeploymentPostprocessing = 0;
		};
		FC4C5F211C93E27C00ECF625 /* Sources */ = {
			isa = PBXSourcesBuildPhase;
			buildActionMask = 2147483647;
			files = (
				FC4C5F281C93E27C00ECF625 /* CinemaUITests.swift in Sources */,
			);
			runOnlyForDeploymentPostprocessing = 0;
		};
/* End PBXSourcesBuildPhase section */

/* Begin PBXTargetDependency section */
		FC4C5F2B1C93E27C00ECF625 /* PBXTargetDependency */ = {
			isa = PBXTargetDependency;
			target = FC1F4ADE1C8B9A6D001650BA /* Cinema */;
			targetProxy = FC4C5F2A1C93E27C00ECF625 /* PBXContainerItemProxy */;
		};
/* End PBXTargetDependency section */

/* Begin PBXVariantGroup section */
		FC1F4AE61C8B9A6D001650BA /* Main.storyboard */ = {
			isa = PBXVariantGroup;
			children = (
				FC1F4AE71C8B9A6D001650BA /* Base */,
			);
			name = Main.storyboard;
			sourceTree = "<group>";
		};
		FC1F4AEE1C8B9A6D001650BA /* LaunchScreen.storyboard */ = {
			isa = PBXVariantGroup;
			children = (
				FC1F4AEF1C8B9A6D001650BA /* Base */,
			);
			name = LaunchScreen.storyboard;
			sourceTree = "<group>";
		};
/* End PBXVariantGroup section */

/* Begin XCBuildConfiguration section */
		FC1F4AF21C8B9A6D001650BA /* Debug */ = {
			isa = XCBuildConfiguration;
			buildSettings = {
				ALWAYS_SEARCH_USER_PATHS = NO;
				CLANG_CXX_LANGUAGE_STANDARD = "gnu++0x";
				CLANG_CXX_LIBRARY = "libc++";
				CLANG_ENABLE_MODULES = YES;
				CLANG_ENABLE_OBJC_ARC = YES;
				CLANG_WARN_BOOL_CONVERSION = YES;
				CLANG_WARN_CONSTANT_CONVERSION = YES;
				CLANG_WARN_DIRECT_OBJC_ISA_USAGE = YES_ERROR;
				CLANG_WARN_EMPTY_BODY = YES;
				CLANG_WARN_ENUM_CONVERSION = YES;
				CLANG_WARN_INT_CONVERSION = YES;
				CLANG_WARN_OBJC_ROOT_CLASS = YES_ERROR;
				CLANG_WARN_UNREACHABLE_CODE = YES;
				CLANG_WARN__DUPLICATE_METHOD_MATCH = YES;
				"CODE_SIGN_IDENTITY[sdk=iphoneos*]" = "iPhone Developer";
				COPY_PHASE_STRIP = NO;
				DEBUG_INFORMATION_FORMAT = dwarf;
				ENABLE_STRICT_OBJC_MSGSEND = YES;
				ENABLE_TESTABILITY = YES;
				GCC_C_LANGUAGE_STANDARD = gnu99;
				GCC_DYNAMIC_NO_PIC = NO;
				GCC_NO_COMMON_BLOCKS = YES;
				GCC_OPTIMIZATION_LEVEL = 0;
				GCC_PREPROCESSOR_DEFINITIONS = (
					"DEBUG=1",
					"$(inherited)",
				);
				GCC_WARN_64_TO_32_BIT_CONVERSION = YES;
				GCC_WARN_ABOUT_RETURN_TYPE = YES_ERROR;
				GCC_WARN_UNDECLARED_SELECTOR = YES;
				GCC_WARN_UNINITIALIZED_AUTOS = YES_AGGRESSIVE;
				GCC_WARN_UNUSED_FUNCTION = YES;
				GCC_WARN_UNUSED_VARIABLE = YES;
				IPHONEOS_DEPLOYMENT_TARGET = 9.3;
				MTL_ENABLE_DEBUG_INFO = YES;
				ONLY_ACTIVE_ARCH = YES;
				SDKROOT = iphoneos;
				SWIFT_OPTIMIZATION_LEVEL = "-Onone";
			};
			name = Debug;
		};
		FC1F4AF31C8B9A6D001650BA /* Release */ = {
			isa = XCBuildConfiguration;
			buildSettings = {
				ALWAYS_SEARCH_USER_PATHS = NO;
				CLANG_CXX_LANGUAGE_STANDARD = "gnu++0x";
				CLANG_CXX_LIBRARY = "libc++";
				CLANG_ENABLE_MODULES = YES;
				CLANG_ENABLE_OBJC_ARC = YES;
				CLANG_WARN_BOOL_CONVERSION = YES;
				CLANG_WARN_CONSTANT_CONVERSION = YES;
				CLANG_WARN_DIRECT_OBJC_ISA_USAGE = YES_ERROR;
				CLANG_WARN_EMPTY_BODY = YES;
				CLANG_WARN_ENUM_CONVERSION = YES;
				CLANG_WARN_INT_CONVERSION = YES;
				CLANG_WARN_OBJC_ROOT_CLASS = YES_ERROR;
				CLANG_WARN_UNREACHABLE_CODE = YES;
				CLANG_WARN__DUPLICATE_METHOD_MATCH = YES;
				"CODE_SIGN_IDENTITY[sdk=iphoneos*]" = "iPhone Developer";
				COPY_PHASE_STRIP = NO;
				DEBUG_INFORMATION_FORMAT = "dwarf-with-dsym";
				ENABLE_NS_ASSERTIONS = NO;
				ENABLE_STRICT_OBJC_MSGSEND = YES;
				GCC_C_LANGUAGE_STANDARD = gnu99;
				GCC_NO_COMMON_BLOCKS = YES;
				GCC_WARN_64_TO_32_BIT_CONVERSION = YES;
				GCC_WARN_ABOUT_RETURN_TYPE = YES_ERROR;
				GCC_WARN_UNDECLARED_SELECTOR = YES;
				GCC_WARN_UNINITIALIZED_AUTOS = YES_AGGRESSIVE;
				GCC_WARN_UNUSED_FUNCTION = YES;
				GCC_WARN_UNUSED_VARIABLE = YES;
				IPHONEOS_DEPLOYMENT_TARGET = 9.3;
				MTL_ENABLE_DEBUG_INFO = NO;
				SDKROOT = iphoneos;
				VALIDATE_PRODUCT = YES;
			};
			name = Release;
		};
		FC1F4AF51C8B9A6D001650BA /* Debug */ = {
			isa = XCBuildConfiguration;
			baseConfigurationReference = 19C9479B003E9820B81D53AA /* Pods-Cinema.debug.xcconfig */;
			buildSettings = {
				ASSETCATALOG_COMPILER_APPICON_NAME = AppIcon;
				INFOPLIST_FILE = Cinema/Info.plist;
				IPHONEOS_DEPLOYMENT_TARGET = 9.3;
				LD_RUNPATH_SEARCH_PATHS = "$(inherited) @executable_path/Frameworks";
				PRODUCT_BUNDLE_IDENTIFIER = com.stultz.Cinema;
				PRODUCT_NAME = "$(TARGET_NAME)";
				TARGETED_DEVICE_FAMILY = "1,2";
			};
			name = Debug;
		};
		FC1F4AF61C8B9A6D001650BA /* Release */ = {
			isa = XCBuildConfiguration;
			baseConfigurationReference = DA06EF596D4C1C1F1A3574DA /* Pods-Cinema.release.xcconfig */;
			buildSettings = {
				ASSETCATALOG_COMPILER_APPICON_NAME = AppIcon;
				INFOPLIST_FILE = Cinema/Info.plist;
				IPHONEOS_DEPLOYMENT_TARGET = 9.3;
				LD_RUNPATH_SEARCH_PATHS = "$(inherited) @executable_path/Frameworks";
				PRODUCT_BUNDLE_IDENTIFIER = com.stultz.Cinema;
				PRODUCT_NAME = "$(TARGET_NAME)";
				TARGETED_DEVICE_FAMILY = "1,2";
			};
			name = Release;
		};
		FC4C5F2C1C93E27C00ECF625 /* Debug */ = {
			isa = XCBuildConfiguration;
			buildSettings = {
				CLANG_ANALYZER_NONNULL = YES;
				INFOPLIST_FILE = CinemaUITests/Info.plist;
				LD_RUNPATH_SEARCH_PATHS = "$(inherited) @executable_path/Frameworks @loader_path/Frameworks";
				PRODUCT_BUNDLE_IDENTIFIER = com.stultz.CinemaUITests;
				PRODUCT_NAME = "$(TARGET_NAME)";
				TEST_TARGET_NAME = Cinema;
			};
			name = Debug;
		};
		FC4C5F2D1C93E27C00ECF625 /* Release */ = {
			isa = XCBuildConfiguration;
			buildSettings = {
				CLANG_ANALYZER_NONNULL = YES;
				INFOPLIST_FILE = CinemaUITests/Info.plist;
				LD_RUNPATH_SEARCH_PATHS = "$(inherited) @executable_path/Frameworks @loader_path/Frameworks";
				PRODUCT_BUNDLE_IDENTIFIER = com.stultz.CinemaUITests;
				PRODUCT_NAME = "$(TARGET_NAME)";
				TEST_TARGET_NAME = Cinema;
			};
			name = Release;
		};
/* End XCBuildConfiguration section */

/* Begin XCConfigurationList section */
		FC1F4ADA1C8B9A6D001650BA /* Build configuration list for PBXProject "Cinema" */ = {
			isa = XCConfigurationList;
			buildConfigurations = (
				FC1F4AF21C8B9A6D001650BA /* Debug */,
				FC1F4AF31C8B9A6D001650BA /* Release */,
			);
			defaultConfigurationIsVisible = 0;
			defaultConfigurationName = Release;
		};
		FC1F4AF41C8B9A6D001650BA /* Build configuration list for PBXNativeTarget "Cinema" */ = {
			isa = XCConfigurationList;
			buildConfigurations = (
				FC1F4AF51C8B9A6D001650BA /* Debug */,
				FC1F4AF61C8B9A6D001650BA /* Release */,
			);
			defaultConfigurationIsVisible = 0;
			defaultConfigurationName = Release;
		};
		FC4C5F2E1C93E27C00ECF625 /* Build configuration list for PBXNativeTarget "CinemaUITests" */ = {
			isa = XCConfigurationList;
			buildConfigurations = (
				FC4C5F2C1C93E27C00ECF625 /* Debug */,
				FC4C5F2D1C93E27C00ECF625 /* Release */,
			);
			defaultConfigurationIsVisible = 0;
			defaultConfigurationName = Release;
		};
/* End XCConfigurationList section */

/* Begin XCVersionGroup section */
		FC1F4AE91C8B9A6D001650BA /* Cinema.xcdatamodeld */ = {
			isa = XCVersionGroup;
			children = (
				FC1F4AEA1C8B9A6D001650BA /* Cinema.xcdatamodel */,
			);
			currentVersion = FC1F4AEA1C8B9A6D001650BA /* Cinema.xcdatamodel */;
			path = Cinema.xcdatamodeld;
			sourceTree = "<group>";
			versionGroupType = wrapper.xcdatamodel;
		};
/* End XCVersionGroup section */
	};
	rootObject = FC1F4AD71C8B9A6D001650BA /* Project object */;
}
